// !$*UTF8*$!
{
	archiveVersion = 1;
	classes = {
	};
	objectVersion = 77;
	objects = {

/* Begin PBXBuildFile section */
		0D53C8AFC43D5E49588C860B /* ConfigStore.swift in Sources */ = {isa = PBXBuildFile; fileRef = AB90BBCB3D6A46EB0103EB02 /* ConfigStore.swift */; };
		339429E140A55C3F5A9D35F5 /* ContentView.swift in Sources */ = {isa = PBXBuildFile; fileRef = DD161718CB9F83C80A172EB0 /* ContentView.swift */; };
		3D88CBA568E43510D0D1FA80 /* Models.swift in Sources */ = {isa = PBXBuildFile; fileRef = CEE934BC66BE7A811852CDF2 /* Models.swift */; };
		4C955998BAAE9AD64C0BB67B /* PermissionManager.swift in Sources */ = {isa = PBXBuildFile; fileRef = A83253C4EA5B4BA0121200B2 /* PermissionManager.swift */; };
		52030B5F064499B55EA981EA /* KeyCodeCatalog.swift in Sources */ = {isa = PBXBuildFile; fileRef = B5308D29CE69349881F95502 /* KeyCodeCatalog.swift */; };
		53D4BC6FBDBFD431AA47768A /* KeyboardEngine.swift in Sources */ = {isa = PBXBuildFile; fileRef = E22EFA5F0991E24FD97DAFB3 /* KeyboardEngine.swift */; };
		5D418D8DD05B776F3AEAA173 /* HyperLayerIcon.icns in Resources */ = {isa = PBXBuildFile; fileRef = C32DA8E7E471C92860E298BF /* HyperLayerIcon.icns */; };
		5E46EC48B416882DAF7A71DF /* CapsLockRemapper.swift in Sources */ = {isa = PBXBuildFile; fileRef = 757095862AE14697FD017541 /* CapsLockRemapper.swift */; };
		9C4B9618EE8DD3713BD5D03A /* HyperLayerApp.swift in Sources */ = {isa = PBXBuildFile; fileRef = 0F6AE6E161BB0775BC781C0A /* HyperLayerApp.swift */; };
		A01526C702ABAABEFB0D88ED /* Assets.xcassets in Resources */ = {isa = PBXBuildFile; fileRef = 046C43735BF8A9BB43131E37 /* Assets.xcassets */; };
		B6227084F5DDE9393B04C334 /* AppState.swift in Sources */ = {isa = PBXBuildFile; fileRef = ECB87F6B5F752BC5FA46A832 /* AppState.swift */; };
/* End PBXBuildFile section */

/* Begin PBXFileReference section */
		046C43735BF8A9BB43131E37 /* Assets.xcassets */ = {isa = PBXFileReference; lastKnownFileType = folder.assetcatalog; path = Assets.xcassets; sourceTree = "<group>"; };
		0F6AE6E161BB0775BC781C0A /* HyperLayerApp.swift */ = {isa = PBXFileReference; lastKnownFileType = sourcecode.swift; path = HyperLayerApp.swift; sourceTree = "<group>"; };
		31AD8A1EE034EFC00FC2B12F /* HyperLayer.app */ = {isa = PBXFileReference; explicitFileType = wrapper.application; includeInIndex = 0; path = HyperLayer.app; sourceTree = BUILT_PRODUCTS_DIR; };
		757095862AE14697FD017541 /* CapsLockRemapper.swift */ = {isa = PBXFileReference; lastKnownFileType = sourcecode.swift; path = CapsLockRemapper.swift; sourceTree = "<group>"; };
		A83253C4EA5B4BA0121200B2 /* PermissionManager.swift */ = {isa = PBXFileReference; lastKnownFileType = sourcecode.swift; path = PermissionManager.swift; sourceTree = "<group>"; };
		AB90BBCB3D6A46EB0103EB02 /* ConfigStore.swift */ = {isa = PBXFileReference; lastKnownFileType = sourcecode.swift; path = ConfigStore.swift; sourceTree = "<group>"; };
		B5308D29CE69349881F95502 /* KeyCodeCatalog.swift */ = {isa = PBXFileReference; lastKnownFileType = sourcecode.swift; path = KeyCodeCatalog.swift; sourceTree = "<group>"; };
		C220A617269C4BEF3B5C6AE3 /* Info.plist */ = {isa = PBXFileReference; lastKnownFileType = text.plist; path = Info.plist; sourceTree = "<group>"; };
		C32DA8E7E471C92860E298BF /* HyperLayerIcon.icns */ = {isa = PBXFileReference; lastKnownFileType = image.icns; path = HyperLayerIcon.icns; sourceTree = "<group>"; };
		CEE934BC66BE7A811852CDF2 /* Models.swift */ = {isa = PBXFileReference; lastKnownFileType = sourcecode.swift; path = Models.swift; sourceTree = "<group>"; };
		DD161718CB9F83C80A172EB0 /* ContentView.swift */ = {isa = PBXFileReference; lastKnownFileType = sourcecode.swift; path = ContentView.swift; sourceTree = "<group>"; };
		E22EFA5F0991E24FD97DAFB3 /* KeyboardEngine.swift */ = {isa = PBXFileReference; lastKnownFileType = sourcecode.swift; path = KeyboardEngine.swift; sourceTree = "<group>"; };
		ECB87F6B5F752BC5FA46A832 /* AppState.swift */ = {isa = PBXFileReference; lastKnownFileType = sourcecode.swift; path = AppState.swift; sourceTree = "<group>"; };
/* End PBXFileReference section */

/* Begin PBXGroup section */
		1A7BD09B11A6A8DFB00476D9 /* HyperLayer */ = {
			isa = PBXGroup;
			children = (
				ECB87F6B5F752BC5FA46A832 /* AppState.swift */,
				046C43735BF8A9BB43131E37 /* Assets.xcassets */,
				757095862AE14697FD017541 /* CapsLockRemapper.swift */,
				AB90BBCB3D6A46EB0103EB02 /* ConfigStore.swift */,
				DD161718CB9F83C80A172EB0 /* ContentView.swift */,
				0F6AE6E161BB0775BC781C0A /* HyperLayerApp.swift */,
				C32DA8E7E471C92860E298BF /* HyperLayerIcon.icns */,
				C220A617269C4BEF3B5C6AE3 /* Info.plist */,
				E22EFA5F0991E24FD97DAFB3 /* KeyboardEngine.swift */,
				B5308D29CE69349881F95502 /* KeyCodeCatalog.swift */,
				CEE934BC66BE7A811852CDF2 /* Models.swift */,
				A83253C4EA5B4BA0121200B2 /* PermissionManager.swift */,
			);
			path = HyperLayer;
			sourceTree = "<group>";
		};
		25359FC1DCCC570DE18A2D3D = {
			isa = PBXGroup;
			children = (
				1A7BD09B11A6A8DFB00476D9 /* HyperLayer */,
				FD3C8D007FC52A8E7C24D5AD /* Products */,
			);
			sourceTree = "<group>";
		};
		FD3C8D007FC52A8E7C24D5AD /* Products */ = {
			isa = PBXGroup;
			children = (
				31AD8A1EE034EFC00FC2B12F /* HyperLayer.app */,
			);
			name = Products;
			sourceTree = "<group>";
		};
/* End PBXGroup section */

/* Begin PBXNativeTarget section */
		A1F1962403718289434FFE55 /* HyperLayer */ = {
			isa = PBXNativeTarget;
			buildConfigurationList = 14C56ACCAB82FE5B968306E8 /* Build configuration list for PBXNativeTarget "HyperLayer" */;
			buildPhases = (
				27CE755E7D13E8E8A1A9BC68 /* Sources */,
				B36B30857B743AE9EFB813B5 /* Resources */,
			);
			buildRules = (
			);
			dependencies = (
			);
			name = HyperLayer;
			packageProductDependencies = (
			);
			productName = HyperLayer;
			productReference = 31AD8A1EE034EFC00FC2B12F /* HyperLayer.app */;
			productType = "com.apple.product-type.application";
		};
/* End PBXNativeTarget section */

/* Begin PBXProject section */
		40A2A72279124AEF4AA2E29E /* Project object */ = {
			isa = PBXProject;
			attributes = {
				BuildIndependentTargetsInParallel = YES;
				LastUpgradeCheck = 1430;
				TargetAttributes = {
					A1F1962403718289434FFE55 = {
						ProvisioningStyle = Manual;
					};
				};
			};
			buildConfigurationList = 9A4C3DCAF6796BC62B81BF2A /* Build configuration list for PBXProject "HyperLayer" */;
			compatibilityVersion = "Xcode 14.0";
			developmentRegion = en;
			hasScannedForEncodings = 0;
			knownRegions = (
				Base,
				en,
			);
			mainGroup = 25359FC1DCCC570DE18A2D3D;
			minimizedProjectReferenceProxies = 1;
			preferredProjectObjectVersion = 77;
			projectDirPath = "";
			projectRoot = "";
			targets = (
				A1F1962403718289434FFE55 /* HyperLayer */,
			);
		};
/* End PBXProject section */

/* Begin PBXResourcesBuildPhase section */
		B36B30857B743AE9EFB813B5 /* Resources */ = {
			isa = PBXResourcesBuildPhase;
			buildActionMask = 2147483647;
			files = (
				A01526C702ABAABEFB0D88ED /* Assets.xcassets in Resources */,
				5D418D8DD05B776F3AEAA173 /* HyperLayerIcon.icns in Resources */,
			);
			runOnlyForDeploymentPostprocessing = 0;
		};
/* End PBXResourcesBuildPhase section */

/* Begin PBXSourcesBuildPhase section */
		27CE755E7D13E8E8A1A9BC68 /* Sources */ = {
			isa = PBXSourcesBuildPhase;
			buildActionMask = 2147483647;
			files = (
				B6227084F5DDE9393B04C334 /* AppState.swift in Sources */,
				5E46EC48B416882DAF7A71DF /* CapsLockRemapper.swift in Sources */,
				0D53C8AFC43D5E49588C860B /* ConfigStore.swift in Sources */,
				339429E140A55C3F5A9D35F5 /* ContentView.swift in Sources */,
				9C4B9618EE8DD3713BD5D03A /* HyperLayerApp.swift in Sources */,
				52030B5F064499B55EA981EA /* KeyCodeCatalog.swift in Sources */,
				53D4BC6FBDBFD431AA47768A /* KeyboardEngine.swift in Sources */,
				3D88CBA568E43510D0D1FA80 /* Models.swift in Sources */,
				4C955998BAAE9AD64C0BB67B /* PermissionManager.swift in Sources */,
			);
			runOnlyForDeploymentPostprocessing = 0;
		};
/* End PBXSourcesBuildPhase section */

/* Begin XCBuildConfiguration section */
		A57C34DB797800F42ADC304D /* Release */ = {
			isa = XCBuildConfiguration;
			buildSettings = {
				ALWAYS_SEARCH_USER_PATHS = NO;
				CLANG_ANALYZER_NONNULL = YES;
				CLANG_ANALYZER_NUMBER_OBJECT_CONVERSION = YES_AGGRESSIVE;
				CLANG_CXX_LANGUAGE_STANDARD = "gnu++14";
				CLANG_CXX_LIBRARY = "libc++";
				CLANG_ENABLE_MODULES = YES;
				CLANG_ENABLE_OBJC_ARC = YES;
				CLANG_ENABLE_OBJC_WEAK = YES;
				CLANG_WARN_BLOCK_CAPTURE_AUTORELEASING = YES;
				CLANG_WARN_BOOL_CONVERSION = YES;
				CLANG_WARN_COMMA = YES;
				CLANG_WARN_CONSTANT_CONVERSION = YES;
				CLANG_WARN_DEPRECATED_OBJC_IMPLEMENTATIONS = YES;
				CLANG_WARN_DIRECT_OBJC_ISA_USAGE = YES_ERROR;
				CLANG_WARN_DOCUMENTATION_COMMENTS = YES;
				CLANG_WARN_EMPTY_BODY = YES;
				CLANG_WARN_ENUM_CONVERSION = YES;
				CLANG_WARN_INFINITE_RECURSION = YES;
				CLANG_WARN_INT_CONVERSION = YES;
				CLANG_WARN_NON_LITERAL_NULL_CONVERSION = YES;
				CLANG_WARN_OBJC_IMPLICIT_RETAIN_SELF = YES;
				CLANG_WARN_OBJC_LITERAL_CONVERSION = YES;
				CLANG_WARN_OBJC_ROOT_CLASS = YES_ERROR;
				CLANG_WARN_QUOTED_INCLUDE_IN_FRAMEWORK_HEADER = YES;
				CLANG_WARN_RANGE_LOOP_ANALYSIS = YES;
				CLANG_WARN_STRICT_PROTOTYPES = YES;
				CLANG_WARN_SUSPICIOUS_MOVE = YES;
				CLANG_WARN_UNGUARDED_AVAILABILITY = YES_AGGRESSIVE;
				CLANG_WARN_UNREACHABLE_CODE = YES;
				CLANG_WARN__DUPLICATE_METHOD_MATCH = YES;
				COPY_PHASE_STRIP = NO;
				DEBUG_INFORMATION_FORMAT = "dwarf-with-dsym";
				ENABLE_NS_ASSERTIONS = NO;
				ENABLE_STRICT_OBJC_MSGSEND = YES;
				GCC_C_LANGUAGE_STANDARD = gnu11;
				GCC_NO_COMMON_BLOCKS = YES;
				GCC_WARN_64_TO_32_BIT_CONVERSION = YES;
				GCC_WARN_ABOUT_RETURN_TYPE = YES_ERROR;
				GCC_WARN_UNDECLARED_SELECTOR = YES;
				GCC_WARN_UNINITIALIZED_AUTOS = YES_AGGRESSIVE;
				GCC_WARN_UNUSED_FUNCTION = YES;
				GCC_WARN_UNUSED_VARIABLE = YES;
				MACOSX_DEPLOYMENT_TARGET = 14.0;
				MTL_ENABLE_DEBUG_INFO = NO;
				MTL_FAST_MATH = YES;
				PRODUCT_NAME = "$(TARGET_NAME)";
				SDKROOT = macosx;
				SWIFT_COMPILATION_MODE = wholemodule;
				SWIFT_OPTIMIZATION_LEVEL = "-O";
				SWIFT_VERSION = 5.0;
			};
			name = Release;
		};
		B50DB4B1D0CE6AB93D7D975A /* Debug */ = {
			isa = XCBuildConfiguration;
			buildSettings = {
				ALWAYS_SEARCH_USER_PATHS = NO;
				CLANG_ANALYZER_NONNULL = YES;
				CLANG_ANALYZER_NUMBER_OBJECT_CONVERSION = YES_AGGRESSIVE;
				CLANG_CXX_LANGUAGE_STANDARD = "gnu++14";
				CLANG_CXX_LIBRARY = "libc++";
				CLANG_ENABLE_MODULES = YES;
				CLANG_ENABLE_OBJC_ARC = YES;
				CLANG_ENABLE_OBJC_WEAK = YES;
				CLANG_WARN_BLOCK_CAPTURE_AUTORELEASING = YES;
				CLANG_WARN_BOOL_CONVERSION = YES;
				CLANG_WARN_COMMA = YES;
				CLANG_WARN_CONSTANT_CONVERSION = YES;
				CLANG_WARN_DEPRECATED_OBJC_IMPLEMENTATIONS = YES;
				CLANG_WARN_DIRECT_OBJC_ISA_USAGE = YES_ERROR;
				CLANG_WARN_DOCUMENTATION_COMMENTS = YES;
				CLANG_WARN_EMPTY_BODY = YES;
				CLANG_WARN_ENUM_CONVERSION = YES;
				CLANG_WARN_INFINITE_RECURSION = YES;
				CLANG_WARN_INT_CONVERSION = YES;
				CLANG_WARN_NON_LITERAL_NULL_CONVERSION = YES;
				CLANG_WARN_OBJC_IMPLICIT_RETAIN_SELF = YES;
				CLANG_WARN_OBJC_LITERAL_CONVERSION = YES;
				CLANG_WARN_OBJC_ROOT_CLASS = YES_ERROR;
				CLANG_WARN_QUOTED_INCLUDE_IN_FRAMEWORK_HEADER = YES;
				CLANG_WARN_RANGE_LOOP_ANALYSIS = YES;
				CLANG_WARN_STRICT_PROTOTYPES = YES;
				CLANG_WARN_SUSPICIOUS_MOVE = YES;
				CLANG_WARN_UNGUARDED_AVAILABILITY = YES_AGGRESSIVE;
				CLANG_WARN_UNREACHABLE_CODE = YES;
				CLANG_WARN__DUPLICATE_METHOD_MATCH = YES;
				COPY_PHASE_STRIP = NO;
				DEBUG_INFORMATION_FORMAT = dwarf;
				ENABLE_STRICT_OBJC_MSGSEND = YES;
				ENABLE_TESTABILITY = YES;
				GCC_C_LANGUAGE_STANDARD = gnu11;
				GCC_DYNAMIC_NO_PIC = NO;
				GCC_NO_COMMON_BLOCKS = YES;
				GCC_OPTIMIZATION_LEVEL = 0;
				GCC_PREPROCESSOR_DEFINITIONS = (
					"$(inherited)",
					"DEBUG=1",
				);
				GCC_WARN_64_TO_32_BIT_CONVERSION = YES;
				GCC_WARN_ABOUT_RETURN_TYPE = YES_ERROR;
				GCC_WARN_UNDECLARED_SELECTOR = YES;
				GCC_WARN_UNINITIALIZED_AUTOS = YES_AGGRESSIVE;
				GCC_WARN_UNUSED_FUNCTION = YES;
				GCC_WARN_UNUSED_VARIABLE = YES;
				MACOSX_DEPLOYMENT_TARGET = 14.0;
				MTL_ENABLE_DEBUG_INFO = INCLUDE_SOURCE;
				MTL_FAST_MATH = YES;
				ONLY_ACTIVE_ARCH = YES;
				PRODUCT_NAME = "$(TARGET_NAME)";
				SDKROOT = macosx;
				SWIFT_ACTIVE_COMPILATION_CONDITIONS = DEBUG;
				SWIFT_OPTIMIZATION_LEVEL = "-Onone";
				SWIFT_VERSION = 5.0;
			};
			name = Debug;
		};
		C26F09377AC157D1774C5536 /* Debug */ = {
			isa = XCBuildConfiguration;
			buildSettings = {
				ASSETCATALOG_COMPILER_APPICON_NAME = "";
				CODE_SIGN_IDENTITY = "-";
				CODE_SIGN_STYLE = Manual;
				COMBINE_HIDPI_IMAGES = YES;
				ENABLE_HARDENED_RUNTIME = NO;
				INFOPLIST_FILE = HyperLayer/Info.plist;
				LD_RUNPATH_SEARCH_PATHS = (
					"$(inherited)",
					"@executable_path/../Frameworks",
				);
				PRODUCT_BUNDLE_IDENTIFIER = com.dade.HyperLayer;
				SDKROOT = macosx;
			};
			name = Debug;
		};
		DFEAA567BCDF4A9F3A9D2031 /* Release */ = {
			isa = XCBuildConfiguration;
			buildSettings = {
				ASSETCATALOG_COMPILER_APPICON_NAME = "";
				CODE_SIGN_IDENTITY = "-";
				CODE_SIGN_STYLE = Manual;
				COMBINE_HIDPI_IMAGES = YES;
				ENABLE_HARDENED_RUNTIME = NO;
				INFOPLIST_FILE = HyperLayer/Info.plist;
				LD_RUNPATH_SEARCH_PATHS = (
					"$(inherited)",
					"@executable_path/../Frameworks",
				);
				PRODUCT_BUNDLE_IDENTIFIER = com.dade.HyperLayer;
				SDKROOT = macosx;
			};
			name = Release;
		};
/* End XCBuildConfiguration section */

/* Begin XCConfigurationList section */
		14C56ACCAB82FE5B968306E8 /* Build configuration list for PBXNativeTarget "HyperLayer" */ = {
			isa = XCConfigurationList;
			buildConfigurations = (
				C26F09377AC157D1774C5536 /* Debug */,
				DFEAA567BCDF4A9F3A9D2031 /* Release */,
			);
			defaultConfigurationIsVisible = 0;
			defaultConfigurationName = Debug;
		};
		9A4C3DCAF6796BC62B81BF2A /* Build configuration list for PBXProject "HyperLayer" */ = {
			isa = XCConfigurationList;
			buildConfigurations = (
				B50DB4B1D0CE6AB93D7D975A /* Debug */,
				A57C34DB797800F42ADC304D /* Release */,
			);
			defaultConfigurationIsVisible = 0;
			defaultConfigurationName = Debug;
		};
/* End XCConfigurationList section */
	};
	rootObject = 40A2A72279124AEF4AA2E29E /* Project object */;
}
